{
  "name": "guiguyunyinyue",
  "version": "1.0.0",
  "lockfileVersion": 1,
  "requires": true,
  "dependencies": {
    "pubsub-js": {
      "version": "1.9.3",
      "resolved": "https://registry.npm.taobao.org/pubsub-js/download/pubsub-js-1.9.3.tgz",
      "integrity": "sha1-Z07qTVaNBALgUnzbEOKqt7VWIdI="
    }
  }
}
